
Microsoft Visual Studio Solution File, Format Version 12.00
# Visual Studio Version 17
VisualStudioVersion = 17.6.33801.468
MinimumVisualStudioVersion = 10.0.40219.1
Project("{9A19103F-16F7-4668-BE54-9A1E7A4F7556}") = "GQLFilterSortProjection", "GQLFilterSortProjection\GQLFilterSortProjection.csproj", "{3B53FF05-B22A-4F9B-9CB0-2E6D57747857}"
EndProject
Global
	GlobalSection(SolutionConfigurationPlatforms) = preSolution
		Debug|Any CPU = Debug|Any CPU
		Release|Any CPU = Release|Any CPU
	EndGlobalSection
	GlobalSection(ProjectConfigurationPlatforms) = postSolution
		{3B53FF05-B22A-4F9B-9CB0-2E6D57747857}.Debug|Any CPU.ActiveCfg = Debug|Any CPU
		{3B53FF05-B22A-4F9B-9CB0-2E6D57747857}.Debug|Any CPU.Build.0 = Debug|Any CPU
		{3B53FF05-B22A-4F9B-9CB0-2E6D57747857}.Release|Any CPU.ActiveCfg = Release|Any CPU
		{3B53FF05-B22A-4F9B-9CB0-2E6D57747857}.Release|Any CPU.Build.0 = Release|Any CPU
	EndGlobalSection
	GlobalSection(SolutionProperties) = preSolution
		HideSolutionNode = FALSE
	EndGlobalSection
	GlobalSection(ExtensibilityGlobals) = postSolution
		SolutionGuid = {628D509E-551B-4C14-942D-2277C1D6D714}
	EndGlobalSection
EndGlobal
